
Microsoft Visual Studio Solution File, Format Version 12.00
# Visual Studio 15
Project("{FAE04EC0-301F-11D3-BF4B-00C04F79EFBC}") = "Zenject", "Zenject.csproj", "{4920EEF5-DD90-32BD-AB34-FF8487EC1D2B}"
EndProject
Project("{FAE04EC0-301F-11D3-BF4B-00C04F79EFBC}") = "Zenject-IntegrationTests-Editor", "Zenject-IntegrationTests-Editor.csproj", "{E2223871-3043-3298-B1E1-F43C518C2521}"
EndProject
Project("{FAE04EC0-301F-11D3-BF4B-00C04F79EFBC}") = "Outline", "Outline.csproj", "{12C2C843-3977-DEDC-3D99-BE908CC66BC4}"
EndProject
Project("{FAE04EC0-301F-11D3-BF4B-00C04F79EFBC}") = "Model", "Model.csproj", "{80670865-3D15-B7D3-1715-923D4107E689}"
EndProject
Project("{FAE04EC0-301F-11D3-BF4B-00C04F79EFBC}") = "Abstractions", "Abstractions.csproj", "{832F50FA-66AA-6E3E-45DF-CE118CACE15A}"
EndProject
Project("{FAE04EC0-301F-11D3-BF4B-00C04F79EFBC}") = "Assembly-CSharp", "Assembly-CSharp.csproj", "{B7D93E68-5AC1-BF84-C4A1-9F22F46F0DEB}"
EndProject
Project("{FAE04EC0-301F-11D3-BF4B-00C04F79EFBC}") = "Zenject-IntegrationTests", "Zenject-IntegrationTests.csproj", "{B862E78D-5953-28E3-48AA-AB85EF23D64F}"
EndProject
Project("{FAE04EC0-301F-11D3-BF4B-00C04F79EFBC}") = "Presenter", "Presenter.csproj", "{AA9A9D7A-CF4C-AD0C-2383-5AA7FA4F0127}"
EndProject
Project("{FAE04EC0-301F-11D3-BF4B-00C04F79EFBC}") = "Core", "Core.csproj", "{532848CF-55EF-350E-1560-4F6FA659EBBE}"
EndProject
Project("{FAE04EC0-301F-11D3-BF4B-00C04F79EFBC}") = "UserControlSystem", "UserControlSystem.csproj", "{4D349D53-EDA0-1819-D44D-DB28493E3408}"
EndProject
Project("{FAE04EC0-301F-11D3-BF4B-00C04F79EFBC}") = "Utils", "Utils.csproj", "{496C54FA-0F96-5698-A9B8-7DC4045B6CFD}"
EndProject
Project("{FAE04EC0-301F-11D3-BF4B-00C04F79EFBC}") = "View", "View.csproj", "{8118A01B-2FBA-6C18-57DF-3422F632A4DA}"
EndProject
Project("{FAE04EC0-301F-11D3-BF4B-00C04F79EFBC}") = "Zenject-PoolMonitor-Editor", "Zenject-PoolMonitor-Editor.csproj", "{3FE057D9-AF5D-17F3-9D63-CD1BE4735433}"
EndProject
Project("{FAE04EC0-301F-11D3-BF4B-00C04F79EFBC}") = "Zenject-UnitTests-Editor", "Zenject-UnitTests-Editor.csproj", "{8EA20CB4-269E-679E-CC72-F6D338C6DDDF}"
EndProject
Project("{FAE04EC0-301F-11D3-BF4B-00C04F79EFBC}") = "Zenject-ReflectionBaking-Editor", "Zenject-ReflectionBaking-Editor.csproj", "{B10082CE-9A61-6330-E4A4-422EFB298564}"
EndProject
Project("{FAE04EC0-301F-11D3-BF4B-00C04F79EFBC}") = "Zenject-TestFramework", "Zenject-TestFramework.csproj", "{4E239DF4-5AB6-6FF7-D1F5-A2349BCAF42A}"
EndProject
Project("{FAE04EC0-301F-11D3-BF4B-00C04F79EFBC}") = "Zenject-Editor", "Zenject-Editor.csproj", "{64880896-C344-F9EA-D652-848EB14D71D3}"
EndProject
Global
	GlobalSection(SolutionConfigurationPlatforms) = preSolution
		Debug|Any CPU = Debug|Any CPU
		Release|Any CPU = Release|Any CPU
	EndGlobalSection
	GlobalSection(ProjectConfigurationPlatforms) = postSolution
		{4920EEF5-DD90-32BD-AB34-FF8487EC1D2B}.Debug|Any CPU.ActiveCfg = Debug|Any CPU
		{4920EEF5-DD90-32BD-AB34-FF8487EC1D2B}.Debug|Any CPU.Build.0 = Debug|Any CPU
		{4920EEF5-DD90-32BD-AB34-FF8487EC1D2B}.Release|Any CPU.ActiveCfg = Release|Any CPU
		{4920EEF5-DD90-32BD-AB34-FF8487EC1D2B}.Release|Any CPU.Build.0 = Release|Any CPU
		{E2223871-3043-3298-B1E1-F43C518C2521}.Debug|Any CPU.ActiveCfg = Debug|Any CPU
		{E2223871-3043-3298-B1E1-F43C518C2521}.Debug|Any CPU.Build.0 = Debug|Any CPU
		{E2223871-3043-3298-B1E1-F43C518C2521}.Release|Any CPU.ActiveCfg = Release|Any CPU
		{E2223871-3043-3298-B1E1-F43C518C2521}.Release|Any CPU.Build.0 = Release|Any CPU
		{12C2C843-3977-DEDC-3D99-BE908CC66BC4}.Debug|Any CPU.ActiveCfg = Debug|Any CPU
		{12C2C843-3977-DEDC-3D99-BE908CC66BC4}.Debug|Any CPU.Build.0 = Debug|Any CPU
		{12C2C843-3977-DEDC-3D99-BE908CC66BC4}.Release|Any CPU.ActiveCfg = Release|Any CPU
		{12C2C843-3977-DEDC-3D99-BE908CC66BC4}.Release|Any CPU.Build.0 = Release|Any CPU
		{80670865-3D15-B7D3-1715-923D4107E689}.Debug|Any CPU.ActiveCfg = Debug|Any CPU
		{80670865-3D15-B7D3-1715-923D4107E689}.Debug|Any CPU.Build.0 = Debug|Any CPU
		{80670865-3D15-B7D3-1715-923D4107E689}.Release|Any CPU.ActiveCfg = Release|Any CPU
		{80670865-3D15-B7D3-1715-923D4107E689}.Release|Any CPU.Build.0 = Release|Any CPU
		{832F50FA-66AA-6E3E-45DF-CE118CACE15A}.Debug|Any CPU.ActiveCfg = Debug|Any CPU
		{832F50FA-66AA-6E3E-45DF-CE118CACE15A}.Debug|Any CPU.Build.0 = Debug|Any CPU
		{832F50FA-66AA-6E3E-45DF-CE118CACE15A}.Release|Any CPU.ActiveCfg = Release|Any CPU
		{832F50FA-66AA-6E3E-45DF-CE118CACE15A}.Release|Any CPU.Build.0 = Release|Any CPU
		{B7D93E68-5AC1-BF84-C4A1-9F22F46F0DEB}.Debug|Any CPU.ActiveCfg = Debug|Any CPU
		{B7D93E68-5AC1-BF84-C4A1-9F22F46F0DEB}.Debug|Any CPU.Build.0 = Debug|Any CPU
		{B7D93E68-5AC1-BF84-C4A1-9F22F46F0DEB}.Release|Any CPU.ActiveCfg = Release|Any CPU
		{B7D93E68-5AC1-BF84-C4A1-9F22F46F0DEB}.Release|Any CPU.Build.0 = Release|Any CPU
		{B862E78D-5953-28E3-48AA-AB85EF23D64F}.Debug|Any CPU.ActiveCfg = Debug|Any CPU
		{B862E78D-5953-28E3-48AA-AB85EF23D64F}.Debug|Any CPU.Build.0 = Debug|Any CPU
		{B862E78D-5953-28E3-48AA-AB85EF23D64F}.Release|Any CPU.ActiveCfg = Release|Any CPU
		{B862E78D-5953-28E3-48AA-AB85EF23D64F}.Release|Any CPU.Build.0 = Release|Any CPU
		{AA9A9D7A-CF4C-AD0C-2383-5AA7FA4F0127}.Debug|Any CPU.ActiveCfg = Debug|Any CPU
		{AA9A9D7A-CF4C-AD0C-2383-5AA7FA4F0127}.Debug|Any CPU.Build.0 = Debug|Any CPU
		{AA9A9D7A-CF4C-AD0C-2383-5AA7FA4F0127}.Release|Any CPU.ActiveCfg = Release|Any CPU
		{AA9A9D7A-CF4C-AD0C-2383-5AA7FA4F0127}.Release|Any CPU.Build.0 = Release|Any CPU
		{532848CF-55EF-350E-1560-4F6FA659EBBE}.Debug|Any CPU.ActiveCfg = Debug|Any CPU
		{532848CF-55EF-350E-1560-4F6FA659EBBE}.Debug|Any CPU.Build.0 = Debug|Any CPU
		{532848CF-55EF-350E-1560-4F6FA659EBBE}.Release|Any CPU.ActiveCfg = Release|Any CPU
		{532848CF-55EF-350E-1560-4F6FA659EBBE}.Release|Any CPU.Build.0 = Release|Any CPU
		{4D349D53-EDA0-1819-D44D-DB28493E3408}.Debug|Any CPU.ActiveCfg = Debug|Any CPU
		{4D349D53-EDA0-1819-D44D-DB28493E3408}.Debug|Any CPU.Build.0 = Debug|Any CPU
		{4D349D53-EDA0-1819-D44D-DB28493E3408}.Release|Any CPU.ActiveCfg = Release|Any CPU
		{4D349D53-EDA0-1819-D44D-DB28493E3408}.Release|Any CPU.Build.0 = Release|Any CPU
		{496C54FA-0F96-5698-A9B8-7DC4045B6CFD}.Debug|Any CPU.ActiveCfg = Debug|Any CPU
		{496C54FA-0F96-5698-A9B8-7DC4045B6CFD}.Debug|Any CPU.Build.0 = Debug|Any CPU
		{496C54FA-0F96-5698-A9B8-7DC4045B6CFD}.Release|Any CPU.ActiveCfg = Release|Any CPU
		{496C54FA-0F96-5698-A9B8-7DC4045B6CFD}.Release|Any CPU.Build.0 = Release|Any CPU
		{8118A01B-2FBA-6C18-57DF-3422F632A4DA}.Debug|Any CPU.ActiveCfg = Debug|Any CPU
		{8118A01B-2FBA-6C18-57DF-3422F632A4DA}.Debug|Any CPU.Build.0 = Debug|Any CPU
		{8118A01B-2FBA-6C18-57DF-3422F632A4DA}.Release|Any CPU.ActiveCfg = Release|Any CPU
		{8118A01B-2FBA-6C18-57DF-3422F632A4DA}.Release|Any CPU.Build.0 = Release|Any CPU
		{3FE057D9-AF5D-17F3-9D63-CD1BE4735433}.Debug|Any CPU.ActiveCfg = Debug|Any CPU
		{3FE057D9-AF5D-17F3-9D63-CD1BE4735433}.Debug|Any CPU.Build.0 = Debug|Any CPU
		{3FE057D9-AF5D-17F3-9D63-CD1BE4735433}.Release|Any CPU.ActiveCfg = Release|Any CPU
		{3FE057D9-AF5D-17F3-9D63-CD1BE4735433}.Release|Any CPU.Build.0 = Release|Any CPU
		{8EA20CB4-269E-679E-CC72-F6D338C6DDDF}.Debug|Any CPU.ActiveCfg = Debug|Any CPU
		{8EA20CB4-269E-679E-CC72-F6D338C6DDDF}.Debug|Any CPU.Build.0 = Debug|Any CPU
		{8EA20CB4-269E-679E-CC72-F6D338C6DDDF}.Release|Any CPU.ActiveCfg = Release|Any CPU
		{8EA20CB4-269E-679E-CC72-F6D338C6DDDF}.Release|Any CPU.Build.0 = Release|Any CPU
		{B10082CE-9A61-6330-E4A4-422EFB298564}.Debug|Any CPU.ActiveCfg = Debug|Any CPU
		{B10082CE-9A61-6330-E4A4-422EFB298564}.Debug|Any CPU.Build.0 = Debug|Any CPU
		{B10082CE-9A61-6330-E4A4-422EFB298564}.Release|Any CPU.ActiveCfg = Release|Any CPU
		{B10082CE-9A61-6330-E4A4-422EFB298564}.Release|Any CPU.Build.0 = Release|Any CPU
		{4E239DF4-5AB6-6FF7-D1F5-A2349BCAF42A}.Debug|Any CPU.ActiveCfg = Debug|Any CPU
		{4E239DF4-5AB6-6FF7-D1F5-A2349BCAF42A}.Debug|Any CPU.Build.0 = Debug|Any CPU
		{4E239DF4-5AB6-6FF7-D1F5-A2349BCAF42A}.Release|Any CPU.ActiveCfg = Release|Any CPU
		{4E239DF4-5AB6-6FF7-D1F5-A2349BCAF42A}.Release|Any CPU.Build.0 = Release|Any CPU
		{64880896-C344-F9EA-D652-848EB14D71D3}.Debug|Any CPU.ActiveCfg = Debug|Any CPU
		{64880896-C344-F9EA-D652-848EB14D71D3}.Debug|Any CPU.Build.0 = Debug|Any CPU
		{64880896-C344-F9EA-D652-848EB14D71D3}.Release|Any CPU.ActiveCfg = Release|Any CPU
		{64880896-C344-F9EA-D652-848EB14D71D3}.Release|Any CPU.Build.0 = Release|Any CPU
	EndGlobalSection
	GlobalSection(SolutionProperties) = preSolution
		HideSolutionNode = FALSE
	EndGlobalSection
EndGlobal
